
Microsoft Visual Studio Solution File, Format Version 12.00
# Visual Studio Version 16
VisualStudioVersion = 16.0.31729.503
MinimumVisualStudioVersion = 10.0.40219.1
Project("{FAE04EC0-301F-11D3-BF4B-00C04F79EFBC}") = "ConsoleApp", "ConsoleApp\ConsoleApp.csproj", "{D2E0A5A2-3357-4990-86BD-764839FA2820}"
EndProject
Project("{FAE04EC0-301F-11D3-BF4B-00C04F79EFBC}") = "UnitTestProject", "UnitTestProject\UnitTestProject.csproj", "{DA614B8D-D7EB-446D-BD8C-55A2D22B5D20}"
EndProject
Global
	GlobalSection(SolutionConfigurationPlatforms) = preSolution
		Debug|Any CPU = Debug|Any CPU
		Release|Any CPU = Release|Any CPU
	EndGlobalSection
	GlobalSection(ProjectConfigurationPlatforms) = postSolution
		{D2E0A5A2-3357-4990-86BD-764839FA2820}.Debug|Any CPU.ActiveCfg = Debug|Any CPU
		{D2E0A5A2-3357-4990-86BD-764839FA2820}.Debug|Any CPU.Build.0 = Debug|Any CPU
		{D2E0A5A2-3357-4990-86BD-764839FA2820}.Release|Any CPU.ActiveCfg = Release|Any CPU
		{D2E0A5A2-3357-4990-86BD-764839FA2820}.Release|Any CPU.Build.0 = Release|Any CPU
		{DA614B8D-D7EB-446D-BD8C-55A2D22B5D20}.Debug|Any CPU.ActiveCfg = Debug|Any CPU
		{DA614B8D-D7EB-446D-BD8C-55A2D22B5D20}.Debug|Any CPU.Build.0 = Debug|Any CPU
		{DA614B8D-D7EB-446D-BD8C-55A2D22B5D20}.Release|Any CPU.ActiveCfg = Release|Any CPU
		{DA614B8D-D7EB-446D-BD8C-55A2D22B5D20}.Release|Any CPU.Build.0 = Release|Any CPU
	EndGlobalSection
	GlobalSection(SolutionProperties) = preSolution
		HideSolutionNode = FALSE
	EndGlobalSection
	GlobalSection(ExtensibilityGlobals) = postSolution
		SolutionGuid = {CFDB2049-61ED-43D4-8FD7-AEBA2B2FE4BD}
	EndGlobalSection
EndGlobal
